Microsoft Visual Studio Solution File, Format Version 12.00
# Visual Studio Version 17
VisualStudioVersion = 17.5.2.0
MinimumVisualStudioVersion = 10.0.40219.1
Project("{FAE04EC0-301F-11D3-BF4B-00C04F79EFBC}") = "PortalInmobiliario", "PortalInmobiliario\PortalInmobiliario.csproj", "{948CD2DF-BB83-19B0-BABF-7FA4C238D1D6}"
EndProject
Global
	GlobalSection(SolutionConfigurationPlatforms) = preSolution
		Debug|Any CPU = Debug|Any CPU
		Release|Any CPU = Release|Any CPU
	EndGlobalSection
	GlobalSection(ProjectConfigurationPlatforms) = postSolution
		{948CD2DF-BB83-19B0-BABF-7FA4C238D1D6}.Debug|Any CPU.ActiveCfg = Debug|Any CPU
		{948CD2DF-BB83-19B0-BABF-7FA4C238D1D6}.Debug|Any CPU.Build.0 = Debug|Any CPU
		{948CD2DF-BB83-19B0-BABF-7FA4C238D1D6}.Release|Any CPU.ActiveCfg = Release|Any CPU
		{948CD2DF-BB83-19B0-BABF-7FA4C238D1D6}.Release|Any CPU.Build.0 = Release|Any CPU
	EndGlobalSection
	GlobalSection(SolutionProperties) = preSolution
		HideSolutionNode = FALSE
	EndGlobalSection
	GlobalSection(ExtensibilityGlobals) = postSolution
		SolutionGuid = {C6155B13-B794-405E-93DF-57AA23522524}
	EndGlobalSection
EndGlobal
